{
    "_readme": [
        "This file locks the dependencies of your project to a known state",
        "Read more about it at https://getcomposer.org/doc/01-basic-usage.md#installing-dependencies",
        "This file is @generated automatically"
    ],
    "content-hash": "e3e6896a23c3393941761f0bdcf62868",
    "packages": [
        {
            "name": "mongodb/mongodb",
            "version": "1.19.1",
            "source": {
                "type": "git",
                "url": "https://github.com/mongodb/mongo-php-library.git",
                "reference": "afe425b629075fa597fa2d5645045cb20dc93d95"
            },
            "dist": {
                "type": "zip",
                "url": "https://api.github.com/repos/mongodb/mongo-php-library/zipball/afe425b629075fa597fa2d5645045cb20dc93d95",
                "reference": "afe425b629075fa597fa2d5645045cb20dc93d95",
                "shasum": ""
            },
            "require": {
                "composer-runtime-api": "^2.0",
                "ext-hash": "*",
                "ext-json": "*",
                "ext-mongodb": "^1.18.0",
                "php": "^7.4 || ^8.0",
                "psr/log": "^1.1.4|^2|^3",
                "symfony/polyfill-php80": "^1.27",
                "symfony/polyfill-php81": "^1.27"
            },
            "require-dev": {
                "doctrine/coding-standard": "^12.0",
                "rector/rector": "^1.1",
                "squizlabs/php_codesniffer": "^3.7",
                "symfony/phpunit-bridge": "^5.2",
                "vimeo/psalm": "^5.13"
            },
            "type": "library",
            "extra": {
                "branch-alias": {
                    "dev-master": "1.x-dev"
                }
            },
            "autoload": {
                "files": [
                    "src/functions.php"
                ],
                "psr-4": {
                    "MongoDB\\": "src/"
                }
            },
            "notification-url": "https://packagist.org/downloads/",
            "license": [
                "Apache-2.0"
            ],
            "authors": [
                {
                    "name": "Andreas Braun",
                    "email": "andreas.braun@mongodb.com"
                },
                {
                    "name": "Jeremy Mikola",
                    "email": "jmikola@gmail.com"
                },
                {
                    "name": "Jérôme Tamarelle",
                    "email": "jerome.tamarelle@mongodb.com"
                }
            ],
            "description": "MongoDB driver library",
            "homepage": "https://jira.mongodb.org/browse/PHPLIB",
            "keywords": [
                "database",
                "driver",
                "mongodb",
                "persistence"
            ],
            "support": {
                "issues": "https://github.com/mongodb/mongo-php-library/issues",
                "source": "https://github.com/mongodb/mongo-php-library/tree/1.19.1"
            },
            "time": "2024-06-13T14:30:04+00:00"
        },
        {
            "name": "nikic/php-parser",
            "version": "v4.19.1",
            "source": {
                "type": "git",
                "url": "https://github.com/nikic/PHP-Parser.git",
                "reference": "4e1b88d21c69391150ace211e9eaf05810858d0b"
            },
            "dist": {
                "type": "zip",
                "url": "https://api.github.com/repos/nikic/PHP-Parser/zipball/4e1b88d21c69391150ace211e9eaf05810858d0b",
                "reference": "4e1b88d21c69391150ace211e9eaf05810858d0b",
                "shasum": ""
            },
            "require": {
                "ext-tokenizer": "*",
                "php": ">=7.1"
            },
            "require-dev": {
                "ircmaxell/php-yacc": "^0.0.7",
                "phpunit/phpunit": "^6.5 || ^7.0 || ^8.0 || ^9.0"
            },
            "bin": [
                "bin/php-parse"
            ],
            "type": "library",
            "extra": {
                "branch-alias": {
                    "dev-master": "4.9-dev"
                }
            },
            "autoload": {
                "psr-4": {
                    "PhpParser\\": "lib/PhpParser"
                }
            },
            "notification-url": "https://packagist.org/downloads/",
            "license": [
                "BSD-3-Clause"
            ],
            "authors": [
                {
                    "name": "Nikita Popov"
                }
            ],
            "description": "A PHP parser written in PHP",
            "keywords": [
                "parser",
                "php"
            ],
            "support": {
                "issues": "https://github.com/nikic/PHP-Parser/issues",
                "source": "https://github.com/nikic/PHP-Parser/tree/v4.19.1"
            },
            "time": "2024-03-17T08:10:35+00:00"
        },
        {
            "name": "pinpoint-apm/pinpoint-php-aop",
            "version": "dev-feat-tp8-plugins",
            "dist": {
                "type": "path",
                "url": "/home/pinpoint/pinpoint-php-aop",
                "reference": "20239d4f8db5b751762686b9a6e0cfc08142fc51"
            },
            "require": {
                "ext-json": "*",
                "ext-pinpoint_php": "^0.5.2",
                "nikic/php-parser": "^4.1",
                "php": "^7.1 || ^8.0"
            },
            "require-dev": {
                "ext-pinpoint_php": "^0.5.2",
                "guzzlehttp/guzzle": "8.0.x-dev",
                "mongodb/mongodb": "v1.19.x-dev",
                "nikic/php-parser": "^4.1",
                "phpbench/phpbench": "1.0.0",
                "phpunit/phpunit": "^8",
                "predis/predis": "^3.0@alpha"
            },
            "type": "library",
            "autoload": {
                "psr-4": {
                    "Pinpoint\\": "lib/Pinpoint/"
                },
                "files": [
                    "lib/Pinpoint/Plugins/functions.php"
                ]
            },
            "license": [
                "Apache-2.0"
            ],
            "authors": [
                {
                    "name": "eeliu",
                    "email": "dl_cd_pinpoint@navercorp.com"
                }
            ],
            "description": "A simple Aop library via php-parse",
            "transport-options": {
                "relative": false
            }
        },
        {
            "name": "psr/log",
            "version": "1.1.4",
            "source": {
                "type": "git",
                "url": "https://github.com/php-fig/log.git",
                "reference": "d49695b909c3b7628b6289db5479a1c204601f11"
            },
            "dist": {
                "type": "zip",
                "url": "https://api.github.com/repos/php-fig/log/zipball/d49695b909c3b7628b6289db5479a1c204601f11",
                "reference": "d49695b909c3b7628b6289db5479a1c204601f11",
                "shasum": ""
            },
            "require": {
                "php": ">=5.3.0"
            },
            "type": "library",
            "extra": {
                "branch-alias": {
                    "dev-master": "1.1.x-dev"
                }
            },
            "autoload": {
                "psr-4": {
                    "Psr\\Log\\": "Psr/Log/"
                }
            },
            "notification-url": "https://packagist.org/downloads/",
            "license": [
                "MIT"
            ],
            "authors": [
                {
                    "name": "PHP-FIG",
                    "homepage": "https://www.php-fig.org/"
                }
            ],
            "description": "Common interface for logging libraries",
            "homepage": "https://github.com/php-fig/log",
            "keywords": [
                "log",
                "psr",
                "psr-3"
            ],
            "support": {
                "source": "https://github.com/php-fig/log/tree/1.1.4"
            },
            "time": "2021-05-03T11:20:27+00:00"
        },
        {
            "name": "symfony/polyfill-php80",
            "version": "v1.30.0",
            "source": {
                "type": "git",
                "url": "https://github.com/symfony/polyfill-php80.git",
                "reference": "77fa7995ac1b21ab60769b7323d600a991a90433"
            },
            "dist": {
                "type": "zip",
                "url": "https://api.github.com/repos/symfony/polyfill-php80/zipball/77fa7995ac1b21ab60769b7323d600a991a90433",
                "reference": "77fa7995ac1b21ab60769b7323d600a991a90433",
                "shasum": ""
            },
            "require": {
                "php": ">=7.1"
            },
            "type": "library",
            "extra": {
                "thanks": {
                    "name": "symfony/polyfill",
                    "url": "https://github.com/symfony/polyfill"
                }
            },
            "autoload": {
                "files": [
                    "bootstrap.php"
                ],
                "psr-4": {
                    "Symfony\\Polyfill\\Php80\\": ""
                },
                "classmap": [
                    "Resources/stubs"
                ]
            },
            "notification-url": "https://packagist.org/downloads/",
            "license": [
                "MIT"
            ],
            "authors": [
                {
                    "name": "Ion Bazan",
                    "email": "ion.bazan@gmail.com"
                },
                {
                    "name": "Nicolas Grekas",
                    "email": "p@tchwork.com"
                },
                {
                    "name": "Symfony Community",
                    "homepage": "https://symfony.com/contributors"
                }
            ],
            "description": "Symfony polyfill backporting some PHP 8.0+ features to lower PHP versions",
            "homepage": "https://symfony.com",
            "keywords": [
                "compatibility",
                "polyfill",
                "portable",
                "shim"
            ],
            "support": {
                "source": "https://github.com/symfony/polyfill-php80/tree/v1.30.0"
            },
            "funding": [
                {
                    "url": "https://symfony.com/sponsor",
                    "type": "custom"
                },
                {
                    "url": "https://github.com/fabpot",
                    "type": "github"
                },
                {
                    "url": "https://tidelift.com/funding/github/packagist/symfony/symfony",
                    "type": "tidelift"
                }
            ],
            "time": "2024-05-31T15:07:36+00:00"
        },
        {
            "name": "symfony/polyfill-php81",
            "version": "v1.30.0",
            "source": {
                "type": "git",
                "url": "https://github.com/symfony/polyfill-php81.git",
                "reference": "3fb075789fb91f9ad9af537c4012d523085bd5af"
            },
            "dist": {
                "type": "zip",
                "url": "https://api.github.com/repos/symfony/polyfill-php81/zipball/3fb075789fb91f9ad9af537c4012d523085bd5af",
                "reference": "3fb075789fb91f9ad9af537c4012d523085bd5af",
                "shasum": ""
            },
            "require": {
                "php": ">=7.1"
            },
            "type": "library",
            "extra": {
                "thanks": {
                    "name": "symfony/polyfill",
                    "url": "https://github.com/symfony/polyfill"
                }
            },
            "autoload": {
                "files": [
                    "bootstrap.php"
                ],
                "psr-4": {
                    "Symfony\\Polyfill\\Php81\\": ""
                },
                "classmap": [
                    "Resources/stubs"
                ]
            },
            "notification-url": "https://packagist.org/downloads/",
            "license": [
                "MIT"
            ],
            "authors": [
                {
                    "name": "Nicolas Grekas",
                    "email": "p@tchwork.com"
                },
                {
                    "name": "Symfony Community",
                    "homepage": "https://symfony.com/contributors"
                }
            ],
            "description": "Symfony polyfill backporting some PHP 8.1+ features to lower PHP versions",
            "homepage": "https://symfony.com",
            "keywords": [
                "compatibility",
                "polyfill",
                "portable",
                "shim"
            ],
            "support": {
                "source": "https://github.com/symfony/polyfill-php81/tree/v1.30.0"
            },
            "funding": [
                {
                    "url": "https://symfony.com/sponsor",
                    "type": "custom"
                },
                {
                    "url": "https://github.com/fabpot",
                    "type": "github"
                },
                {
                    "url": "https://tidelift.com/funding/github/packagist/symfony/symfony",
                    "type": "tidelift"
                }
            ],
            "time": "2024-06-19T12:30:46+00:00"
        }
    ],
    "packages-dev": [],
    "aliases": [],
    "minimum-stability": "stable",
    "stability-flags": {
        "pinpoint-apm/pinpoint-php-aop": 20
    },
    "prefer-stable": false,
    "prefer-lowest": false,
    "platform": [],
    "platform-dev": [],
    "plugin-api-version": "2.6.0"
}
